# This file is automatically @generated by Cargo.
# It is not intended for manual editing.
[[package]]
name = "arrayvec"
version = "0.5.1"
source = "registry+https://github.com/rust-lang/crates.io-index"

[[package]]
name = "cfg-if"
version = "0.1.10"
source = "registry+https://github.com/rust-lang/crates.io-index"

[[package]]
name = "gcode"
version = "0.6.1"
source = "registry+https://github.com/rust-lang/crates.io-index"
dependencies = [
 "arrayvec 0.5.1 (registry+https://github.com/rust-lang/crates.io-index)",
 "cfg-if 0.1.10 (registry+https://github.com/rust-lang/crates.io-index)",
 "libm 0.2.1 (registry+https://github.com/rust-lang/crates.io-index)",
]

[[package]]
name = "gcode-sender-core"
version = "0.1.0"
dependencies = [
 "gcode 0.6.1 (registry+https://github.com/rust-lang/crates.io-index)",
]

[[package]]
name = "libm"
version = "0.2.1"
source = "registry+https://github.com/rust-lang/crates.io-index"

[metadata]
"checksum arrayvec 0.5.1 (registry+https://github.com/rust-lang/crates.io-index)" = "cff77d8686867eceff3105329d4698d96c2391c176d5d03adc90c7389162b5b8"
"checksum cfg-if 0.1.10 (registry+https://github.com/rust-lang/crates.io-index)" = "4785bdd1c96b2a846b2bd7cc02e86b6b3dbf14e7e53446c4f54c92a361040822"
"checksum gcode 0.6.1 (registry+https://github.com/rust-lang/crates.io-index)" = "5125264a3fbfa54f30f79428f4e69d74ad279f554ba90829189517f407f41dbc"
"checksum libm 0.2.1 (registry+https://github.com/rust-lang/crates.io-index)" = "c7d73b3f436185384286bd8098d17ec07c9a7d2388a6599f824d8502b529702a"
